// !$*UTF8*$!
{
	archiveVersion = 1;
	classes = {
	};
	objectVersion = 46;
	objects = {

/* Begin PBXBuildFile section */
		48C4E2191CB0EFD900296DB7 /* main.m in Sources */ = {isa = PBXBuildFile; fileRef = 48C4E2181CB0EFD900296DB7 /* main.m */; };
		48C4E21C1CB0EFD900296DB7 /* AppDelegate.m in Sources */ = {isa = PBXBuildFile; fileRef = 48C4E21B1CB0EFD900296DB7 /* AppDelegate.m */; };
		48C4E21F1CB0EFD900296DB7 /* ViewController.m in Sources */ = {isa = PBXBuildFile; fileRef = 48C4E21E1CB0EFD900296DB7 /* ViewController.m */; };
		48C4E2221CB0EFD900296DB7 /* Main.storyboard in Resources */ = {isa = PBXBuildFile; fileRef = 48C4E2201CB0EFD900296DB7 /* Main.storyboard */; };
		48C4E2251CB0EFD900296DB7 /* TestingObjC.xcdatamodeld in Sources */ = {isa = PBXBuildFile; fileRef = 48C4E2231CB0EFD900296DB7 /* TestingObjC.xcdatamodeld */; };
		48C4E2271CB0EFD900296DB7 /* Assets.xcassets in Resources */ = {isa = PBXBuildFile; fileRef = 48C4E2261CB0EFD900296DB7 /* Assets.xcassets */; };
		48C4E22A1CB0EFD900296DB7 /* LaunchScreen.storyboard in Resources */ = {isa = PBXBuildFile; fileRef = 48C4E2281CB0EFD900296DB7 /* LaunchScreen.storyboard */; };
		48C4E2401CB0EFD900296DB7 /* TestingObjCUITests.m in Sources */ = {isa = PBXBuildFile; fileRef = 48C4E23F1CB0EFD900296DB7 /* TestingObjCUITests.m */; };
		48C4E24E1CB1049900296DB7 /* NSObjectTest.m in Sources */ = {isa = PBXBuildFile; fileRef = 48C4E24D1CB1049900296DB7 /* NSObjectTest.m */; };
/* End PBXBuildFile section */

/* Begin PBXContainerItemProxy section */
		48C4E2311CB0EFD900296DB7 /* PBXContainerItemProxy */ = {
			isa = PBXContainerItemProxy;
			containerPortal = 48C4E20C1CB0EFD900296DB7 /* Project object */;
			proxyType = 1;
			remoteGlobalIDString = 48C4E2131CB0EFD900296DB7;
			remoteInfo = TestingObjC;
		};
		48C4E23C1CB0EFD900296DB7 /* PBXContainerItemProxy */ = {
			isa = PBXContainerItemProxy;
			containerPortal = 48C4E20C1CB0EFD900296DB7 /* Project object */;
			proxyType = 1;
			remoteGlobalIDString = 48C4E2131CB0EFD900296DB7;
			remoteInfo = TestingObjC;
		};
/* End PBXContainerItemProxy section */

/* Begin PBXFileReference section */
		48C4E2141CB0EFD900296DB7 /* TestingObjC.app */ = {isa = PBXFileReference; explicitFileType = wrapper.application; includeInIndex = 0; path = TestingObjC.app; sourceTree = BUILT_PRODUCTS_DIR; };
		48C4E2181CB0EFD900296DB7 /* main.m */ = {isa = PBXFileReference; lastKnownFileType = sourcecode.c.objc; path = main.m; sourceTree = "<group>"; };
		48C4E21A1CB0EFD900296DB7 /* AppDelegate.h */ = {isa = PBXFileReference; lastKnownFileType = sourcecode.c.h; path = AppDelegate.h; sourceTree = "<group>"; };
		48C4E21B1CB0EFD900296DB7 /* AppDelegate.m */ = {isa = PBXFileReference; lastKnownFileType = sourcecode.c.objc; path = AppDelegate.m; sourceTree = "<group>"; };
		48C4E21D1CB0EFD900296DB7 /* ViewController.h */ = {isa = PBXFileReference; lastKnownFileType = sourcecode.c.h; path = ViewController.h; sourceTree = "<group>"; };
		48C4E21E1CB0EFD900296DB7 /* ViewController.m */ = {isa = PBXFileReference; lastKnownFileType = sourcecode.c.objc; path = ViewController.m; sourceTree = "<group>"; };
		48C4E2211CB0EFD900296DB7 /* Base */ = {isa = PBXFileReference; lastKnownFileType = file.storyboard; name = Base; path = Base.lproj/Main.storyboard; sourceTree = "<group>"; };
		48C4E2241CB0EFD900296DB7 /* TestingObjC.xcdatamodel */ = {isa = PBXFileReference; lastKnownFileType = wrapper.xcdatamodel; path = TestingObjC.xcdatamodel; sourceTree = "<group>"; };
		48C4E2261CB0EFD900296DB7 /* Assets.xcassets */ = {isa = PBXFileReference; lastKnownFileType = folder.assetcatalog; path = Assets.xcassets; sourceTree = "<group>"; };
		48C4E2291CB0EFD900296DB7 /* Base */ = {isa = PBXFileReference; lastKnownFileType = file.storyboard; name = Base; path = Base.lproj/LaunchScreen.storyboard; sourceTree = "<group>"; };
		48C4E22B1CB0EFD900296DB7 /* Info.plist */ = {isa = PBXFileReference; lastKnownFileType = text.plist.xml; path = Info.plist; sourceTree = "<group>"; };
		48C4E2301CB0EFD900296DB7 /* TestingObjCTests.xctest */ = {isa = PBXFileReference; explicitFileType = wrapper.cfbundle; includeInIndex = 0; path = TestingObjCTests.xctest; sourceTree = BUILT_PRODUCTS_DIR; };
		48C4E2361CB0EFD900296DB7 /* Info.plist */ = {isa = PBXFileReference; lastKnownFileType = text.plist.xml; path = Info.plist; sourceTree = "<group>"; };
		48C4E23B1CB0EFD900296DB7 /* TestingObjCUITests.xctest */ = {isa = PBXFileReference; explicitFileType = wrapper.cfbundle; includeInIndex = 0; path = TestingObjCUITests.xctest; sourceTree = BUILT_PRODUCTS_DIR; };
		48C4E23F1CB0EFD900296DB7 /* TestingObjCUITests.m */ = {isa = PBXFileReference; lastKnownFileType = sourcecode.c.objc; path = TestingObjCUITests.m; sourceTree = "<group>"; };
		48C4E2411CB0EFD900296DB7 /* Info.plist */ = {isa = PBXFileReference; lastKnownFileType = text.plist.xml; path = Info.plist; sourceTree = "<group>"; };
		48C4E24D1CB1049900296DB7 /* NSObjectTest.m */ = {isa = PBXFileReference; fileEncoding = 4; lastKnownFileType = sourcecode.c.objc; path = NSObjectTest.m; sourceTree = "<group>"; };
/* End PBXFileReference section */

/* Begin PBXFrameworksBuildPhase section */
		48C4E2111CB0EFD900296DB7 /* Frameworks */ = {
			isa = PBXFrameworksBuildPhase;
			buildActionMask = 2147483647;
			files = (
			);
			runOnlyForDeploymentPostprocessing = 0;
		};
		48C4E22D1CB0EFD900296DB7 /* Frameworks */ = {
			isa = PBXFrameworksBuildPhase;
			buildActionMask = 2147483647;
			files = (
			);
			runOnlyForDeploymentPostprocessing = 0;
		};
		48C4E2381CB0EFD900296DB7 /* Frameworks */ = {
			isa = PBXFrameworksBuildPhase;
			buildActionMask = 2147483647;
			files = (
			);
			runOnlyForDeploymentPostprocessing = 0;
		};
/* End PBXFrameworksBuildPhase section */

/* Begin PBXGroup section */
		48C4E20B1CB0EFD900296DB7 = {
			isa = PBXGroup;
			children = (
				48C4E2161CB0EFD900296DB7 /* TestingObjC */,
				48C4E2331CB0EFD900296DB7 /* TestingObjCTests */,
				48C4E23E1CB0EFD900296DB7 /* TestingObjCUITests */,
				48C4E2151CB0EFD900296DB7 /* Products */,
			);
			sourceTree = "<group>";
		};
		48C4E2151CB0EFD900296DB7 /* Products */ = {
			isa = PBXGroup;
			children = (
				48C4E2141CB0EFD900296DB7 /* TestingObjC.app */,
				48C4E2301CB0EFD900296DB7 /* TestingObjCTests.xctest */,
				48C4E23B1CB0EFD900296DB7 /* TestingObjCUITests.xctest */,
			);
			name = Products;
			sourceTree = "<group>";
		};
		48C4E2161CB0EFD900296DB7 /* TestingObjC */ = {
			isa = PBXGroup;
			children = (
				48C4E21A1CB0EFD900296DB7 /* AppDelegate.h */,
				48C4E21B1CB0EFD900296DB7 /* AppDelegate.m */,
				48C4E21D1CB0EFD900296DB7 /* ViewController.h */,
				48C4E21E1CB0EFD900296DB7 /* ViewController.m */,
				48C4E2201CB0EFD900296DB7 /* Main.storyboard */,
				48C4E2261CB0EFD900296DB7 /* Assets.xcassets */,
				48C4E2281CB0EFD900296DB7 /* LaunchScreen.storyboard */,
				48C4E22B1CB0EFD900296DB7 /* Info.plist */,
				48C4E2231CB0EFD900296DB7 /* TestingObjC.xcdatamodeld */,
				48C4E2171CB0EFD900296DB7 /* Supporting Files */,
			);
			path = TestingObjC;
			sourceTree = "<group>";
		};
		48C4E2171CB0EFD900296DB7 /* Supporting Files */ = {
			isa = PBXGroup;
			children = (
				48C4E2181CB0EFD900296DB7 /* main.m */,
			);
			name = "Supporting Files";
			sourceTree = "<group>";
		};
		48C4E2331CB0EFD900296DB7 /* TestingObjCTests */ = {
			isa = PBXGroup;
			children = (
				48C4E2361CB0EFD900296DB7 /* Info.plist */,
				48C4E24D1CB1049900296DB7 /* NSObjectTest.m */,
			);
			path = TestingObjCTests;
			sourceTree = "<group>";
		};
		48C4E23E1CB0EFD900296DB7 /* TestingObjCUITests */ = {
			isa = PBXGroup;
			children = (
				48C4E23F1CB0EFD900296DB7 /* TestingObjCUITests.m */,
				48C4E2411CB0EFD900296DB7 /* Info.plist */,
			);
			path = TestingObjCUITests;
			sourceTree = "<group>";
		};
/* End PBXGroup section */

/* Begin PBXNativeTarget section */
		48C4E2131CB0EFD900296DB7 /* TestingObjC */ = {
			isa = PBXNativeTarget;
			buildConfigurationList = 48C4E2441CB0EFD900296DB7 /* Build configuration list for PBXNativeTarget "TestingObjC" */;
			buildPhases = (
				48C4E2101CB0EFD900296DB7 /* Sources */,
				48C4E2111CB0EFD900296DB7 /* Frameworks */,
				48C4E2121CB0EFD900296DB7 /* Resources */,
			);
			buildRules = (
			);
			dependencies = (
			);
			name = TestingObjC;
			productName = TestingObjC;
			productReference = 48C4E2141CB0EFD900296DB7 /* TestingObjC.app */;
			productType = "com.apple.product-type.application";
		};
		48C4E22F1CB0EFD900296DB7 /* TestingObjCTests */ = {
			isa = PBXNativeTarget;
			buildConfigurationList = 48C4E2471CB0EFD900296DB7 /* Build configuration list for PBXNativeTarget "TestingObjCTests" */;
			buildPhases = (
				48C4E22C1CB0EFD900296DB7 /* Sources */,
				48C4E22D1CB0EFD900296DB7 /* Frameworks */,
				48C4E22E1CB0EFD900296DB7 /* Resources */,
			);
			buildRules = (
			);
			dependencies = (
				48C4E2321CB0EFD900296DB7 /* PBXTargetDependency */,
			);
			name = TestingObjCTests;
			productName = TestingObjCTests;
			productReference = 48C4E2301CB0EFD900296DB7 /* TestingObjCTests.xctest */;
			productType = "com.apple.product-type.bundle.unit-test";
		};
		48C4E23A1CB0EFD900296DB7 /* TestingObjCUITests */ = {
			isa = PBXNativeTarget;
			buildConfigurationList = 48C4E24A1CB0EFD900296DB7 /* Build configuration list for PBXNativeTarget "TestingObjCUITests" */;
			buildPhases = (
				48C4E2371CB0EFD900296DB7 /* Sources */,
				48C4E2381CB0EFD900296DB7 /* Frameworks */,
				48C4E2391CB0EFD900296DB7 /* Resources */,
			);
			buildRules = (
			);
			dependencies = (
				48C4E23D1CB0EFD900296DB7 /* PBXTargetDependency */,
			);
			name = TestingObjCUITests;
			productName = TestingObjCUITests;
			productReference = 48C4E23B1CB0EFD900296DB7 /* TestingObjCUITests.xctest */;
			productType = "com.apple.product-type.bundle.ui-testing";
		};
/* End PBXNativeTarget section */

/* Begin PBXProject section */
		48C4E20C1CB0EFD900296DB7 /* Project object */ = {
			isa = PBXProject;
			attributes = {
				LastUpgradeCheck = 0720;
				ORGANIZATIONNAME = djrecker;
				TargetAttributes = {
					48C4E2131CB0EFD900296DB7 = {
						CreatedOnToolsVersion = 7.2;
						DevelopmentTeam = 2CP68WL3B3;
					};
					48C4E22F1CB0EFD900296DB7 = {
						CreatedOnToolsVersion = 7.2;
						DevelopmentTeam = 2CP68WL3B3;
						TestTargetID = 48C4E2131CB0EFD900296DB7;
					};
					48C4E23A1CB0EFD900296DB7 = {
						CreatedOnToolsVersion = 7.2;
						DevelopmentTeam = 2CP68WL3B3;
						TestTargetID = 48C4E2131CB0EFD900296DB7;
					};
				};
			};
			buildConfigurationList = 48C4E20F1CB0EFD900296DB7 /* Build configuration list for PBXProject "TestingObjC" */;
			compatibilityVersion = "Xcode 3.2";
			developmentRegion = English;
			hasScannedForEncodings = 0;
			knownRegions = (
				en,
				Base,
			);
			mainGroup = 48C4E20B1CB0EFD900296DB7;
			productRefGroup = 48C4E2151CB0EFD900296DB7 /* Products */;
			projectDirPath = "";
			projectRoot = "";
			targets = (
				48C4E2131CB0EFD900296DB7 /* TestingObjC */,
				48C4E22F1CB0EFD900296DB7 /* TestingObjCTests */,
				48C4E23A1CB0EFD900296DB7 /* TestingObjCUITests */,
			);
		};
/* End PBXProject section */

/* Begin PBXResourcesBuildPhase section */
		48C4E2121CB0EFD900296DB7 /* Resources */ = {
			isa = PBXResourcesBuildPhase;
			buildActionMask = 2147483647;
			files = (
				48C4E22A1CB0EFD900296DB7 /* LaunchScreen.storyboard in Resources */,
				48C4E2271CB0EFD900296DB7 /* Assets.xcassets in Resources */,
				48C4E2221CB0EFD900296DB7 /* Main.storyboard in Resources */,
			);
			runOnlyForDeploymentPostprocessing = 0;
		};
		48C4E22E1CB0EFD900296DB7 /* Resources */ = {
			isa = PBXResourcesBuildPhase;
			buildActionMask = 2147483647;
			files = (
			);
			runOnlyForDeploymentPostprocessing = 0;
		};
		48C4E2391CB0EFD900296DB7 /* Resources */ = {
			isa = PBXResourcesBuildPhase;
			buildActionMask = 2147483647;
			files = (
			);
			runOnlyForDeploymentPostprocessing = 0;
		};
/* End PBXResourcesBuildPhase section */

/* Begin PBXSourcesBuildPhase section */
		48C4E2101CB0EFD900296DB7 /* Sources */ = {
			isa = PBXSourcesBuildPhase;
			buildActionMask = 2147483647;
			files = (
				48C4E2251CB0EFD900296DB7 /* TestingObjC.xcdatamodeld in Sources */,
				48C4E21F1CB0EFD900296DB7 /* ViewController.m in Sources */,
				48C4E21C1CB0EFD900296DB7 /* AppDelegate.m in Sources */,
				48C4E2191CB0EFD900296DB7 /* main.m in Sources */,
			);
			runOnlyForDeploymentPostprocessing = 0;
		};
		48C4E22C1CB0EFD900296DB7 /* Sources */ = {
			isa = PBXSourcesBuildPhase;
			buildActionMask = 2147483647;
			files = (
				48C4E24E1CB1049900296DB7 /* NSObjectTest.m in Sources */,
			);
			runOnlyForDeploymentPostprocessing = 0;
		};
		48C4E2371CB0EFD900296DB7 /* Sources */ = {
			isa = PBXSourcesBuildPhase;
			buildActionMask = 2147483647;
			files = (
				48C4E2401CB0EFD900296DB7 /* TestingObjCUITests.m in Sources */,
			);
			runOnlyForDeploymentPostprocessing = 0;
		};
/* End PBXSourcesBuildPhase section */

/* Begin PBXTargetDependency section */
		48C4E2321CB0EFD900296DB7 /* PBXTargetDependency */ = {
			isa = PBXTargetDependency;
			target = 48C4E2131CB0EFD900296DB7 /* TestingObjC */;
			targetProxy = 48C4E2311CB0EFD900296DB7 /* PBXContainerItemProxy */;
		};
		48C4E23D1CB0EFD900296DB7 /* PBXTargetDependency */ = {
			isa = PBXTargetDependency;
			target = 48C4E2131CB0EFD900296DB7 /* TestingObjC */;
			targetProxy = 48C4E23C1CB0EFD900296DB7 /* PBXContainerItemProxy */;
		};
/* End PBXTargetDependency section */

/* Begin PBXVariantGroup section */
		48C4E2201CB0EFD900296DB7 /* Main.storyboard */ = {
			isa = PBXVariantGroup;
			children = (
				48C4E2211CB0EFD900296DB7 /* Base */,
			);
			name = Main.storyboard;
			sourceTree = "<group>";
		};
		48C4E2281CB0EFD900296DB7 /* LaunchScreen.storyboard */ = {
			isa = PBXVariantGroup;
			children = (
				48C4E2291CB0EFD900296DB7 /* Base */,
			);
			name = LaunchScreen.storyboard;
			sourceTree = "<group>";
		};
/* End PBXVariantGroup section */

/* Begin XCBuildConfiguration section */
		48C4E2421CB0EFD900296DB7 /* Debug */ = {
			isa = XCBuildConfiguration;
			buildSettings = {
				ALWAYS_SEARCH_USER_PATHS = NO;
				CLANG_CXX_LANGUAGE_STANDARD = "gnu++0x";
				CLANG_CXX_LIBRARY = "libc++";
				CLANG_ENABLE_MODULES = YES;
				CLANG_ENABLE_OBJC_ARC = YES;
				CLANG_WARN_BOOL_CONVERSION = YES;
				CLANG_WARN_CONSTANT_CONVERSION = YES;
				CLANG_WARN_DIRECT_OBJC_ISA_USAGE = YES_ERROR;
				CLANG_WARN_EMPTY_BODY = YES;
				CLANG_WARN_ENUM_CONVERSION = YES;
				CLANG_WARN_INT_CONVERSION = YES;
				CLANG_WARN_OBJC_ROOT_CLASS = YES_ERROR;
				CLANG_WARN_UNREACHABLE_CODE = YES;
				CLANG_WARN__DUPLICATE_METHOD_MATCH = YES;
				"CODE_SIGN_IDENTITY[sdk=iphoneos*]" = "iPhone Developer";
				COPY_PHASE_STRIP = NO;
				DEBUG_INFORMATION_FORMAT = dwarf;
				ENABLE_STRICT_OBJC_MSGSEND = YES;
				ENABLE_TESTABILITY = YES;
				GCC_C_LANGUAGE_STANDARD = gnu99;
				GCC_DYNAMIC_NO_PIC = NO;
				GCC_NO_COMMON_BLOCKS = YES;
				GCC_OPTIMIZATION_LEVEL = 0;
				GCC_PREPROCESSOR_DEFINITIONS = (
					"DEBUG=1",
					"$(inherited)",
				);
				GCC_WARN_64_TO_32_BIT_CONVERSION = YES;
				GCC_WARN_ABOUT_RETURN_TYPE = YES_ERROR;
				GCC_WARN_UNDECLARED_SELECTOR = YES;
				GCC_WARN_UNINITIALIZED_AUTOS = YES_AGGRESSIVE;
				GCC_WARN_UNUSED_FUNCTION = YES;
				GCC_WARN_UNUSED_VARIABLE = YES;
				IPHONEOS_DEPLOYMENT_TARGET = 9.2;
				MTL_ENABLE_DEBUG_INFO = YES;
				ONLY_ACTIVE_ARCH = YES;
				SDKROOT = iphoneos;
			};
			name = Debug;
		};
		48C4E2431CB0EFD900296DB7 /* Release */ = {
			isa = XCBuildConfiguration;
			buildSettings = {
				ALWAYS_SEARCH_USER_PATHS = NO;
				CLANG_CXX_LANGUAGE_STANDARD = "gnu++0x";
				CLANG_CXX_LIBRARY = "libc++";
				CLANG_ENABLE_MODULES = YES;
				CLANG_ENABLE_OBJC_ARC = YES;
				CLANG_WARN_BOOL_CONVERSION = YES;
				CLANG_WARN_CONSTANT_CONVERSION = YES;
				CLANG_WARN_DIRECT_OBJC_ISA_USAGE = YES_ERROR;
				CLANG_WARN_EMPTY_BODY = YES;
				CLANG_WARN_ENUM_CONVERSION = YES;
				CLANG_WARN_INT_CONVERSION = YES;
				CLANG_WARN_OBJC_ROOT_CLASS = YES_ERROR;
				CLANG_WARN_UNREACHABLE_CODE = YES;
				CLANG_WARN__DUPLICATE_METHOD_MATCH = YES;
				"CODE_SIGN_IDENTITY[sdk=iphoneos*]" = "iPhone Developer";
				COPY_PHASE_STRIP = NO;
				DEBUG_INFORMATION_FORMAT = "dwarf-with-dsym";
				ENABLE_NS_ASSERTIONS = NO;
				ENABLE_STRICT_OBJC_MSGSEND = YES;
				GCC_C_LANGUAGE_STANDARD = gnu99;
				GCC_NO_COMMON_BLOCKS = YES;
				GCC_WARN_64_TO_32_BIT_CONVERSION = YES;
				GCC_WARN_ABOUT_RETURN_TYPE = YES_ERROR;
				GCC_WARN_UNDECLARED_SELECTOR = YES;
				GCC_WARN_UNINITIALIZED_AUTOS = YES_AGGRESSIVE;
				GCC_WARN_UNUSED_FUNCTION = YES;
				GCC_WARN_UNUSED_VARIABLE = YES;
				IPHONEOS_DEPLOYMENT_TARGET = 9.2;
				MTL_ENABLE_DEBUG_INFO = NO;
				SDKROOT = iphoneos;
				VALIDATE_PRODUCT = YES;
			};
			name = Release;
		};
		48C4E2451CB0EFD900296DB7 /* Debug */ = {
			isa = XCBuildConfiguration;
			buildSettings = {
				ASSETCATALOG_COMPILER_APPICON_NAME = AppIcon;
				INFOPLIST_FILE = TestingObjC/Info.plist;
				LD_RUNPATH_SEARCH_PATHS = "$(inherited) @executable_path/Frameworks";
				PRODUCT_BUNDLE_IDENTIFIER = com.djrecker.ratings.TestingObjC;
				PRODUCT_NAME = "$(TARGET_NAME)";
			};
			name = Debug;
		};
		48C4E2461CB0EFD900296DB7 /* Release */ = {
			isa = XCBuildConfiguration;
			buildSettings = {
				ASSETCATALOG_COMPILER_APPICON_NAME = AppIcon;
				INFOPLIST_FILE = TestingObjC/Info.plist;
				LD_RUNPATH_SEARCH_PATHS = "$(inherited) @executable_path/Frameworks";
				PRODUCT_BUNDLE_IDENTIFIER = com.djrecker.ratings.TestingObjC;
				PRODUCT_NAME = "$(TARGET_NAME)";
			};
			name = Release;
		};
		48C4E2481CB0EFD900296DB7 /* Debug */ = {
			isa = XCBuildConfiguration;
			buildSettings = {
				BUNDLE_LOADER = "$(TEST_HOST)";
				INFOPLIST_FILE = TestingObjCTests/Info.plist;
				LD_RUNPATH_SEARCH_PATHS = "$(inherited) @executable_path/Frameworks @loader_path/Frameworks";
				PRODUCT_BUNDLE_IDENTIFIER = com.djrecker.ratings.TestingObjCTests;
				PRODUCT_NAME = "$(TARGET_NAME)";
				TEST_HOST = "$(BUILT_PRODUCTS_DIR)/TestingObjC.app/TestingObjC";
			};
			name = Debug;
		};
		48C4E2491CB0EFD900296DB7 /* Release */ = {
			isa = XCBuildConfiguration;
			buildSettings = {
				BUNDLE_LOADER = "$(TEST_HOST)";
				INFOPLIST_FILE = TestingObjCTests/Info.plist;
				LD_RUNPATH_SEARCH_PATHS = "$(inherited) @executable_path/Frameworks @loader_path/Frameworks";
				PRODUCT_BUNDLE_IDENTIFIER = com.djrecker.ratings.TestingObjCTests;
				PRODUCT_NAME = "$(TARGET_NAME)";
				TEST_HOST = "$(BUILT_PRODUCTS_DIR)/TestingObjC.app/TestingObjC";
			};
			name = Release;
		};
		48C4E24B1CB0EFD900296DB7 /* Debug */ = {
			isa = XCBuildConfiguration;
			buildSettings = {
				INFOPLIST_FILE = TestingObjCUITests/Info.plist;
				LD_RUNPATH_SEARCH_PATHS = "$(inherited) @executable_path/Frameworks @loader_path/Frameworks";
				PRODUCT_BUNDLE_IDENTIFIER = com.djrecker.ratings.TestingObjCUITests;
				PRODUCT_NAME = "$(TARGET_NAME)";
				TEST_TARGET_NAME = TestingObjC;
				USES_XCTRUNNER = YES;
			};
			name = Debug;
		};
		48C4E24C1CB0EFD900296DB7 /* Release */ = {
			isa = XCBuildConfiguration;
			buildSettings = {
				INFOPLIST_FILE = TestingObjCUITests/Info.plist;
				LD_RUNPATH_SEARCH_PATHS = "$(inherited) @executable_path/Frameworks @loader_path/Frameworks";
				PRODUCT_BUNDLE_IDENTIFIER = com.djrecker.ratings.TestingObjCUITests;
				PRODUCT_NAME = "$(TARGET_NAME)";
				TEST_TARGET_NAME = TestingObjC;
				USES_XCTRUNNER = YES;
			};
			name = Release;
		};
/* End XCBuildConfiguration section */

/* Begin XCConfigurationList section */
		48C4E20F1CB0EFD900296DB7 /* Build configuration list for PBXProject "TestingObjC" */ = {
			isa = XCConfigurationList;
			buildConfigurations = (
				48C4E2421CB0EFD900296DB7 /* Debug */,
				48C4E2431CB0EFD900296DB7 /* Release */,
			);
			defaultConfigurationIsVisible = 0;
			defaultConfigurationName = Release;
		};
		48C4E2441CB0EFD900296DB7 /* Build configuration list for PBXNativeTarget "TestingObjC" */ = {
			isa = XCConfigurationList;
			buildConfigurations = (
				48C4E2451CB0EFD900296DB7 /* Debug */,
				48C4E2461CB0EFD900296DB7 /* Release */,
			);
			defaultConfigurationIsVisible = 0;
		};
		48C4E2471CB0EFD900296DB7 /* Build configuration list for PBXNativeTarget "TestingObjCTests" */ = {
			isa = XCConfigurationList;
			buildConfigurations = (
				48C4E2481CB0EFD900296DB7 /* Debug */,
				48C4E2491CB0EFD900296DB7 /* Release */,
			);
			defaultConfigurationIsVisible = 0;
		};
		48C4E24A1CB0EFD900296DB7 /* Build configuration list for PBXNativeTarget "TestingObjCUITests" */ = {
			isa = XCConfigurationList;
			buildConfigurations = (
				48C4E24B1CB0EFD900296DB7 /* Debug */,
				48C4E24C1CB0EFD900296DB7 /* Release */,
			);
			defaultConfigurationIsVisible = 0;
		};
/* End XCConfigurationList section */

/* Begin XCVersionGroup section */
		48C4E2231CB0EFD900296DB7 /* TestingObjC.xcdatamodeld */ = {
			isa = XCVersionGroup;
			children = (
				48C4E2241CB0EFD900296DB7 /* TestingObjC.xcdatamodel */,
			);
			currentVersion = 48C4E2241CB0EFD900296DB7 /* TestingObjC.xcdatamodel */;
			path = TestingObjC.xcdatamodeld;
			sourceTree = "<group>";
			versionGroupType = wrapper.xcdatamodel;
		};
/* End XCVersionGroup section */
	};
	rootObject = 48C4E20C1CB0EFD900296DB7 /* Project object */;
}
